// !$*UTF8*$!
{
	archiveVersion = 1;
	classes = {
	};
	objectVersion = 56;
	objects = {

/* Begin PBXBuildFile section */
		F64F9A3D2A162D6600EFB592 /* MainView.swift in Sources */ = {isa = PBXBuildFile; fileRef = F64F9A3C2A162D6600EFB592 /* MainView.swift */; };
		F64F9A3F2A162EA500EFB592 /* Model.swift in Sources */ = {isa = PBXBuildFile; fileRef = F64F9A3E2A162EA500EFB592 /* Model.swift */; };
		F64F9A452A16309600EFB592 /* RestaurantLocation.swift in Sources */ = {isa = PBXBuildFile; fileRef = F64F9A442A16309600EFB592 /* RestaurantLocation.swift */; };
		F64F9A472A1630AA00EFB592 /* Reservation.swift in Sources */ = {isa = PBXBuildFile; fileRef = F64F9A462A1630AA00EFB592 /* Reservation.swift */; };
		F64F9A492A1630BB00EFB592 /* ReservationView.swift in Sources */ = {isa = PBXBuildFile; fileRef = F64F9A482A1630BB00EFB592 /* ReservationView.swift */; };
		F64F9A4B2A1630D000EFB592 /* ReservationForm.swift in Sources */ = {isa = PBXBuildFile; fileRef = F64F9A4A2A1630D000EFB592 /* ReservationForm.swift */; };
		F64F9A4D2A1630DB00EFB592 /* RestaurantView.swift in Sources */ = {isa = PBXBuildFile; fileRef = F64F9A4C2A1630DB00EFB592 /* RestaurantView.swift */; };
		F64F9A4F2A16312700EFB592 /* LittleLemonLogo.swift in Sources */ = {isa = PBXBuildFile; fileRef = F64F9A4E2A16312700EFB592 /* LittleLemonLogo.swift */; };
		F68205FF2A162A9500A2C7B3 /* SwiftUICoursesApp.swift in Sources */ = {isa = PBXBuildFile; fileRef = F68205FE2A162A9500A2C7B3 /* SwiftUICoursesApp.swift */; };
		F68206032A162A9600A2C7B3 /* Assets.xcassets in Resources */ = {isa = PBXBuildFile; fileRef = F68206022A162A9600A2C7B3 /* Assets.xcassets */; };
		F68206062A162A9600A2C7B3 /* Preview Assets.xcassets in Resources */ = {isa = PBXBuildFile; fileRef = F68206052A162A9600A2C7B3 /* Preview Assets.xcassets */; };
		F682060D2A162AAB00A2C7B3 /* LocationView.swift in Sources */ = {isa = PBXBuildFile; fileRef = F682060C2A162AAB00A2C7B3 /* LocationView.swift */; };
/* End PBXBuildFile section */

/* Begin PBXFileReference section */
		F64F9A3C2A162D6600EFB592 /* MainView.swift */ = {isa = PBXFileReference; lastKnownFileType = sourcecode.swift; path = MainView.swift; sourceTree = "<group>"; };
		F64F9A3E2A162EA500EFB592 /* Model.swift */ = {isa = PBXFileReference; lastKnownFileType = sourcecode.swift; path = Model.swift; sourceTree = "<group>"; };
		F64F9A442A16309600EFB592 /* RestaurantLocation.swift */ = {isa = PBXFileReference; lastKnownFileType = sourcecode.swift; path = RestaurantLocation.swift; sourceTree = "<group>"; };
		F64F9A462A1630AA00EFB592 /* Reservation.swift */ = {isa = PBXFileReference; lastKnownFileType = sourcecode.swift; path = Reservation.swift; sourceTree = "<group>"; };
		F64F9A482A1630BB00EFB592 /* ReservationView.swift */ = {isa = PBXFileReference; lastKnownFileType = sourcecode.swift; path = ReservationView.swift; sourceTree = "<group>"; };
		F64F9A4A2A1630D000EFB592 /* ReservationForm.swift */ = {isa = PBXFileReference; lastKnownFileType = sourcecode.swift; path = ReservationForm.swift; sourceTree = "<group>"; };
		F64F9A4C2A1630DB00EFB592 /* RestaurantView.swift */ = {isa = PBXFileReference; lastKnownFileType = sourcecode.swift; path = RestaurantView.swift; sourceTree = "<group>"; };
		F64F9A4E2A16312700EFB592 /* LittleLemonLogo.swift */ = {isa = PBXFileReference; lastKnownFileType = sourcecode.swift; path = LittleLemonLogo.swift; sourceTree = "<group>"; };
		F68205FB2A162A9500A2C7B3 /* SwiftUICourses.app */ = {isa = PBXFileReference; explicitFileType = wrapper.application; includeInIndex = 0; path = SwiftUICourses.app; sourceTree = BUILT_PRODUCTS_DIR; };
		F68205FE2A162A9500A2C7B3 /* SwiftUICoursesApp.swift */ = {isa = PBXFileReference; lastKnownFileType = sourcecode.swift; path = SwiftUICoursesApp.swift; sourceTree = "<group>"; };
		F68206022A162A9600A2C7B3 /* Assets.xcassets */ = {isa = PBXFileReference; lastKnownFileType = folder.assetcatalog; path = Assets.xcassets; sourceTree = "<group>"; };
		F68206052A162A9600A2C7B3 /* Preview Assets.xcassets */ = {isa = PBXFileReference; lastKnownFileType = folder.assetcatalog; path = "Preview Assets.xcassets"; sourceTree = "<group>"; };
		F682060C2A162AAB00A2C7B3 /* LocationView.swift */ = {isa = PBXFileReference; lastKnownFileType = sourcecode.swift; path = LocationView.swift; sourceTree = "<group>"; };
/* End PBXFileReference section */

/* Begin PBXFrameworksBuildPhase section */
		F68205F82A162A9500A2C7B3 /* Frameworks */ = {
			isa = PBXFrameworksBuildPhase;
			buildActionMask = 2147483647;
			files = (
			);
			runOnlyForDeploymentPostprocessing = 0;
		};
/* End PBXFrameworksBuildPhase section */

/* Begin PBXGroup section */
		F64F9A502A1631ED00EFB592 /* Restaurant */ = {
			isa = PBXGroup;
			children = (
				F64F9A442A16309600EFB592 /* RestaurantLocation.swift */,
				F64F9A4C2A1630DB00EFB592 /* RestaurantView.swift */,
			);
			path = Restaurant;
			sourceTree = "<group>";
		};
		F64F9A512A16320D00EFB592 /* Reservation */ = {
			isa = PBXGroup;
			children = (
				F64F9A4A2A1630D000EFB592 /* ReservationForm.swift */,
				F64F9A482A1630BB00EFB592 /* ReservationView.swift */,
				F64F9A462A1630AA00EFB592 /* Reservation.swift */,
			);
			path = Reservation;
			sourceTree = "<group>";
		};
		F68205F22A162A9500A2C7B3 = {
			isa = PBXGroup;
			children = (
				F68205FD2A162A9500A2C7B3 /* SwiftUICourses */,
				F68205FC2A162A9500A2C7B3 /* Products */,
			);
			sourceTree = "<group>";
		};
		F68205FC2A162A9500A2C7B3 /* Products */ = {
			isa = PBXGroup;
			children = (
				F68205FB2A162A9500A2C7B3 /* SwiftUICourses.app */,
			);
			name = Products;
			sourceTree = "<group>";
		};
		F68205FD2A162A9500A2C7B3 /* SwiftUICourses */ = {
			isa = PBXGroup;
			children = (
				F68205FE2A162A9500A2C7B3 /* SwiftUICoursesApp.swift */,
				F64F9A512A16320D00EFB592 /* Reservation */,
				F64F9A502A1631ED00EFB592 /* Restaurant */,
				F682060C2A162AAB00A2C7B3 /* LocationView.swift */,
				F64F9A3C2A162D6600EFB592 /* MainView.swift */,
				F64F9A4E2A16312700EFB592 /* LittleLemonLogo.swift */,
				F64F9A3E2A162EA500EFB592 /* Model.swift */,
				F68206022A162A9600A2C7B3 /* Assets.xcassets */,
				F68206042A162A9600A2C7B3 /* Preview Content */,
			);
			path = SwiftUICourses;
			sourceTree = "<group>";
		};
		F68206042A162A9600A2C7B3 /* Preview Content */ = {
			isa = PBXGroup;
			children = (
				F68206052A162A9600A2C7B3 /* Preview Assets.xcassets */,
			);
			path = "Preview Content";
			sourceTree = "<group>";
		};
/* End PBXGroup section */

/* Begin PBXNativeTarget section */
		F68205FA2A162A9500A2C7B3 /* SwiftUICourses */ = {
			isa = PBXNativeTarget;
			buildConfigurationList = F68206092A162A9600A2C7B3 /* Build configuration list for PBXNativeTarget "SwiftUICourses" */;
			buildPhases = (
				F68205F72A162A9500A2C7B3 /* Sources */,
				F68205F82A162A9500A2C7B3 /* Frameworks */,
				F68205F92A162A9500A2C7B3 /* Resources */,
			);
			buildRules = (
			);
			dependencies = (
			);
			name = SwiftUICourses;
			productName = SwiftUICourses;
			productReference = F68205FB2A162A9500A2C7B3 /* SwiftUICourses.app */;
			productType = "com.apple.product-type.application";
		};
/* End PBXNativeTarget section */

/* Begin PBXProject section */
		F68205F32A162A9500A2C7B3 /* Project object */ = {
			isa = PBXProject;
			attributes = {
				BuildIndependentTargetsInParallel = 1;
				LastSwiftUpdateCheck = 1430;
				LastUpgradeCheck = 1430;
				TargetAttributes = {
					F68205FA2A162A9500A2C7B3 = {
						CreatedOnToolsVersion = 14.3;
					};
				};
			};
			buildConfigurationList = F68205F62A162A9500A2C7B3 /* Build configuration list for PBXProject "SwiftUICourses" */;
			compatibilityVersion = "Xcode 14.0";
			developmentRegion = en;
			hasScannedForEncodings = 0;
			knownRegions = (
				en,
				Base,
			);
			mainGroup = F68205F22A162A9500A2C7B3;
			productRefGroup = F68205FC2A162A9500A2C7B3 /* Products */;
			projectDirPath = "";
			projectRoot = "";
			targets = (
				F68205FA2A162A9500A2C7B3 /* SwiftUICourses */,
			);
		};
/* End PBXProject section */

/* Begin PBXResourcesBuildPhase section */
		F68205F92A162A9500A2C7B3 /* Resources */ = {
			isa = PBXResourcesBuildPhase;
			buildActionMask = 2147483647;
			files = (
				F68206062A162A9600A2C7B3 /* Preview Assets.xcassets in Resources */,
				F68206032A162A9600A2C7B3 /* Assets.xcassets in Resources */,
			);
			runOnlyForDeploymentPostprocessing = 0;
		};
/* End PBXResourcesBuildPhase section */

/* Begin PBXSourcesBuildPhase section */
		F68205F72A162A9500A2C7B3 /* Sources */ = {
			isa = PBXSourcesBuildPhase;
			buildActionMask = 2147483647;
			files = (
				F64F9A4F2A16312700EFB592 /* LittleLemonLogo.swift in Sources */,
				F64F9A3F2A162EA500EFB592 /* Model.swift in Sources */,
				F64F9A3D2A162D6600EFB592 /* MainView.swift in Sources */,
				F64F9A4D2A1630DB00EFB592 /* RestaurantView.swift in Sources */,
				F682060D2A162AAB00A2C7B3 /* LocationView.swift in Sources */,
				F68205FF2A162A9500A2C7B3 /* SwiftUICoursesApp.swift in Sources */,
				F64F9A492A1630BB00EFB592 /* ReservationView.swift in Sources */,
				F64F9A472A1630AA00EFB592 /* Reservation.swift in Sources */,
				F64F9A452A16309600EFB592 /* RestaurantLocation.swift in Sources */,
				F64F9A4B2A1630D000EFB592 /* ReservationForm.swift in Sources */,
			);
			runOnlyForDeploymentPostprocessing = 0;
		};
/* End PBXSourcesBuildPhase section */

/* Begin XCBuildConfiguration section */
		F68206072A162A9600A2C7B3 /* Debug */ = {
			isa = XCBuildConfiguration;
			buildSettings = {
				ALWAYS_SEARCH_USER_PATHS = NO;
				CLANG_ANALYZER_NONNULL = YES;
				CLANG_ANALYZER_NUMBER_OBJECT_CONVERSION = YES_AGGRESSIVE;
				CLANG_CXX_LANGUAGE_STANDARD = "gnu++20";
				CLANG_ENABLE_MODULES = YES;
				CLANG_ENABLE_OBJC_ARC = YES;
				CLANG_ENABLE_OBJC_WEAK = YES;
				CLANG_WARN_BLOCK_CAPTURE_AUTORELEASING = YES;
				CLANG_WARN_BOOL_CONVERSION = YES;
				CLANG_WARN_COMMA = YES;
				CLANG_WARN_CONSTANT_CONVERSION = YES;
				CLANG_WARN_DEPRECATED_OBJC_IMPLEMENTATIONS = YES;
				CLANG_WARN_DIRECT_OBJC_ISA_USAGE = YES_ERROR;
				CLANG_WARN_DOCUMENTATION_COMMENTS = YES;
				CLANG_WARN_EMPTY_BODY = YES;
				CLANG_WARN_ENUM_CONVERSION = YES;
				CLANG_WARN_INFINITE_RECURSION = YES;
				CLANG_WARN_INT_CONVERSION = YES;
				CLANG_WARN_NON_LITERAL_NULL_CONVERSION = YES;
				CLANG_WARN_OBJC_IMPLICIT_RETAIN_SELF = YES;
				CLANG_WARN_OBJC_LITERAL_CONVERSION = YES;
				CLANG_WARN_OBJC_ROOT_CLASS = YES_ERROR;
				CLANG_WARN_QUOTED_INCLUDE_IN_FRAMEWORK_HEADER = YES;
				CLANG_WARN_RANGE_LOOP_ANALYSIS = YES;
				CLANG_WARN_STRICT_PROTOTYPES = YES;
				CLANG_WARN_SUSPICIOUS_MOVE = YES;
				CLANG_WARN_UNGUARDED_AVAILABILITY = YES_AGGRESSIVE;
				CLANG_WARN_UNREACHABLE_CODE = YES;
				CLANG_WARN__DUPLICATE_METHOD_MATCH = YES;
				COPY_PHASE_STRIP = NO;
				DEBUG_INFORMATION_FORMAT = dwarf;
				ENABLE_STRICT_OBJC_MSGSEND = YES;
				ENABLE_TESTABILITY = YES;
				GCC_C_LANGUAGE_STANDARD = gnu11;
				GCC_DYNAMIC_NO_PIC = NO;
				GCC_NO_COMMON_BLOCKS = YES;
				GCC_OPTIMIZATION_LEVEL = 0;
				GCC_PREPROCESSOR_DEFINITIONS = (
					"DEBUG=1",
					"$(inherited)",
				);
				GCC_WARN_64_TO_32_BIT_CONVERSION = YES;
				GCC_WARN_ABOUT_RETURN_TYPE = YES_ERROR;
				GCC_WARN_UNDECLARED_SELECTOR = YES;
				GCC_WARN_UNINITIALIZED_AUTOS = YES_AGGRESSIVE;
				GCC_WARN_UNUSED_FUNCTION = YES;
				GCC_WARN_UNUSED_VARIABLE = YES;
				IPHONEOS_DEPLOYMENT_TARGET = 16.4;
				MTL_ENABLE_DEBUG_INFO = INCLUDE_SOURCE;
				MTL_FAST_MATH = YES;
				ONLY_ACTIVE_ARCH = YES;
				SDKROOT = iphoneos;
				SWIFT_ACTIVE_COMPILATION_CONDITIONS = DEBUG;
				SWIFT_OPTIMIZATION_LEVEL = "-Onone";
			};
			name = Debug;
		};
		F68206082A162A9600A2C7B3 /* Release */ = {
			isa = XCBuildConfiguration;
			buildSettings = {
				ALWAYS_SEARCH_USER_PATHS = NO;
				CLANG_ANALYZER_NONNULL = YES;
				CLANG_ANALYZER_NUMBER_OBJECT_CONVERSION = YES_AGGRESSIVE;
				CLANG_CXX_LANGUAGE_STANDARD = "gnu++20";
				CLANG_ENABLE_MODULES = YES;
				CLANG_ENABLE_OBJC_ARC = YES;
				CLANG_ENABLE_OBJC_WEAK = YES;
				CLANG_WARN_BLOCK_CAPTURE_AUTORELEASING = YES;
				CLANG_WARN_BOOL_CONVERSION = YES;
				CLANG_WARN_COMMA = YES;
				CLANG_WARN_CONSTANT_CONVERSION = YES;
				CLANG_WARN_DEPRECATED_OBJC_IMPLEMENTATIONS = YES;
				CLANG_WARN_DIRECT_OBJC_ISA_USAGE = YES_ERROR;
				CLANG_WARN_DOCUMENTATION_COMMENTS = YES;
				CLANG_WARN_EMPTY_BODY = YES;
				CLANG_WARN_ENUM_CONVERSION = YES;
				CLANG_WARN_INFINITE_RECURSION = YES;
				CLANG_WARN_INT_CONVERSION = YES;
				CLANG_WARN_NON_LITERAL_NULL_CONVERSION = YES;
				CLANG_WARN_OBJC_IMPLICIT_RETAIN_SELF = YES;
				CLANG_WARN_OBJC_LITERAL_CONVERSION = YES;
				CLANG_WARN_OBJC_ROOT_CLASS = YES_ERROR;
				CLANG_WARN_QUOTED_INCLUDE_IN_FRAMEWORK_HEADER = YES;
				CLANG_WARN_RANGE_LOOP_ANALYSIS = YES;
				CLANG_WARN_STRICT_PROTOTYPES = YES;
				CLANG_WARN_SUSPICIOUS_MOVE = YES;
				CLANG_WARN_UNGUARDED_AVAILABILITY = YES_AGGRESSIVE;
				CLANG_WARN_UNREACHABLE_CODE = YES;
				CLANG_WARN__DUPLICATE_METHOD_MATCH = YES;
				COPY_PHASE_STRIP = NO;
				DEBUG_INFORMATION_FORMAT = "dwarf-with-dsym";
				ENABLE_NS_ASSERTIONS = NO;
				ENABLE_STRICT_OBJC_MSGSEND = YES;
				GCC_C_LANGUAGE_STANDARD = gnu11;
				GCC_NO_COMMON_BLOCKS = YES;
				GCC_WARN_64_TO_32_BIT_CONVERSION = YES;
				GCC_WARN_ABOUT_RETURN_TYPE = YES_ERROR;
				GCC_WARN_UNDECLARED_SELECTOR = YES;
				GCC_WARN_UNINITIALIZED_AUTOS = YES_AGGRESSIVE;
				GCC_WARN_UNUSED_FUNCTION = YES;
				GCC_WARN_UNUSED_VARIABLE = YES;
				IPHONEOS_DEPLOYMENT_TARGET = 16.4;
				MTL_ENABLE_DEBUG_INFO = NO;
				MTL_FAST_MATH = YES;
				SDKROOT = iphoneos;
				SWIFT_COMPILATION_MODE = wholemodule;
				SWIFT_OPTIMIZATION_LEVEL = "-O";
				VALIDATE_PRODUCT = YES;
			};
			name = Release;
		};
		F682060A2A162A9600A2C7B3 /* Debug */ = {
			isa = XCBuildConfiguration;
			buildSettings = {
				ASSETCATALOG_COMPILER_APPICON_NAME = AppIcon;
				ASSETCATALOG_COMPILER_GLOBAL_ACCENT_COLOR_NAME = AccentColor;
				CODE_SIGN_STYLE = Automatic;
				CURRENT_PROJECT_VERSION = 1;
				DEVELOPMENT_ASSET_PATHS = "\"SwiftUICourses/Preview Content\"";
				DEVELOPMENT_TEAM = 9495ZGT5QK;
				ENABLE_PREVIEWS = YES;
				GENERATE_INFOPLIST_FILE = YES;
				INFOPLIST_KEY_UIApplicationSceneManifest_Generation = YES;
				INFOPLIST_KEY_UIApplicationSupportsIndirectInputEvents = YES;
				INFOPLIST_KEY_UILaunchScreen_Generation = YES;
				INFOPLIST_KEY_UISupportedInterfaceOrientations_iPad = "UIInterfaceOrientationPortrait UIInterfaceOrientationPortraitUpsideDown UIInterfaceOrientationLandscapeLeft UIInterfaceOrientationLandscapeRight";
				INFOPLIST_KEY_UISupportedInterfaceOrientations_iPhone = "UIInterfaceOrientationPortrait UIInterfaceOrientationLandscapeLeft UIInterfaceOrientationLandscapeRight";
				LD_RUNPATH_SEARCH_PATHS = (
					"$(inherited)",
					"@executable_path/Frameworks",
				);
				MARKETING_VERSION = 1.0;
				PRODUCT_BUNDLE_IDENTIFIER = com.kub.SwiftUICourses;
				PRODUCT_NAME = "$(TARGET_NAME)";
				SWIFT_EMIT_LOC_STRINGS = YES;
				SWIFT_VERSION = 5.0;
				TARGETED_DEVICE_FAMILY = "1,2";
			};
			name = Debug;
		};
		F682060B2A162A9600A2C7B3 /* Release */ = {
			isa = XCBuildConfiguration;
			buildSettings = {
				ASSETCATALOG_COMPILER_APPICON_NAME = AppIcon;
				ASSETCATALOG_COMPILER_GLOBAL_ACCENT_COLOR_NAME = AccentColor;
				CODE_SIGN_STYLE = Automatic;
				CURRENT_PROJECT_VERSION = 1;
				DEVELOPMENT_ASSET_PATHS = "\"SwiftUICourses/Preview Content\"";
				DEVELOPMENT_TEAM = 9495ZGT5QK;
				ENABLE_PREVIEWS = YES;
				GENERATE_INFOPLIST_FILE = YES;
				INFOPLIST_KEY_UIApplicationSceneManifest_Generation = YES;
				INFOPLIST_KEY_UIApplicationSupportsIndirectInputEvents = YES;
				INFOPLIST_KEY_UILaunchScreen_Generation = YES;
				INFOPLIST_KEY_UISupportedInterfaceOrientations_iPad = "UIInterfaceOrientationPortrait UIInterfaceOrientationPortraitUpsideDown UIInterfaceOrientationLandscapeLeft UIInterfaceOrientationLandscapeRight";
				INFOPLIST_KEY_UISupportedInterfaceOrientations_iPhone = "UIInterfaceOrientationPortrait UIInterfaceOrientationLandscapeLeft UIInterfaceOrientationLandscapeRight";
				LD_RUNPATH_SEARCH_PATHS = (
					"$(inherited)",
					"@executable_path/Frameworks",
				);
				MARKETING_VERSION = 1.0;
				PRODUCT_BUNDLE_IDENTIFIER = com.kub.SwiftUICourses;
				PRODUCT_NAME = "$(TARGET_NAME)";
				SWIFT_EMIT_LOC_STRINGS = YES;
				SWIFT_VERSION = 5.0;
				TARGETED_DEVICE_FAMILY = "1,2";
			};
			name = Release;
		};
/* End XCBuildConfiguration section */

/* Begin XCConfigurationList section */
		F68205F62A162A9500A2C7B3 /* Build configuration list for PBXProject "SwiftUICourses" */ = {
			isa = XCConfigurationList;
			buildConfigurations = (
				F68206072A162A9600A2C7B3 /* Debug */,
				F68206082A162A9600A2C7B3 /* Release */,
			);
			defaultConfigurationIsVisible = 0;
			defaultConfigurationName = Release;
		};
		F68206092A162A9600A2C7B3 /* Build configuration list for PBXNativeTarget "SwiftUICourses" */ = {
			isa = XCConfigurationList;
			buildConfigurations = (
				F682060A2A162A9600A2C7B3 /* Debug */,
				F682060B2A162A9600A2C7B3 /* Release */,
			);
			defaultConfigurationIsVisible = 0;
			defaultConfigurationName = Release;
		};
/* End XCConfigurationList section */
	};
	rootObject = F68205F32A162A9500A2C7B3 /* Project object */;
}
